
Microsoft Visual Studio Solution File, Format Version 12.00
# Visual Studio Version 16
VisualStudioVersion = 16.0.28803.202
MinimumVisualStudioVersion = 10.0.40219.1
Project("{FAE04EC0-301F-11D3-BF4B-00C04F79EFBC}") = "sec_lab_04", "sec_lab_04.csproj", "{17433D1D-915A-4E0D-8E38-90EC81AD815D}"
EndProject
Global
	GlobalSection(SolutionConfigurationPlatforms) = preSolution
		Debug|Any CPU = Debug|Any CPU
		Release|Any CPU = Release|Any CPU
	EndGlobalSection
	GlobalSection(ProjectConfigurationPlatforms) = postSolution
		{17433D1D-915A-4E0D-8E38-90EC81AD815D}.Debug|Any CPU.ActiveCfg = Debug|Any CPU
		{17433D1D-915A-4E0D-8E38-90EC81AD815D}.Debug|Any CPU.Build.0 = Debug|Any CPU
		{17433D1D-915A-4E0D-8E38-90EC81AD815D}.Release|Any CPU.ActiveCfg = Release|Any CPU
		{17433D1D-915A-4E0D-8E38-90EC81AD815D}.Release|Any CPU.Build.0 = Release|Any CPU
	EndGlobalSection
	GlobalSection(SolutionProperties) = preSolution
		HideSolutionNode = FALSE
	EndGlobalSection
	GlobalSection(ExtensibilityGlobals) = postSolution
		SolutionGuid = {FE780F61-275F-4FA1-8B5F-C5BF389F83EC}
	EndGlobalSection
EndGlobal
