
Microsoft Visual Studio Solution File, Format Version 12.00
# Visual Studio Version 16
VisualStudioVersion = 16.0.28803.202
MinimumVisualStudioVersion = 10.0.40219.1
Project("{FAE04EC0-301F-11D3-BF4B-00C04F79EFBC}") = "sec_lab_02", "sec_lab_02.csproj", "{E4428ACE-2B09-4639-8AE2-F3DFA0B18670}"
EndProject
Global
	GlobalSection(SolutionConfigurationPlatforms) = preSolution
		Debug|Any CPU = Debug|Any CPU
		Release|Any CPU = Release|Any CPU
	EndGlobalSection
	GlobalSection(ProjectConfigurationPlatforms) = postSolution
		{E4428ACE-2B09-4639-8AE2-F3DFA0B18670}.Debug|Any CPU.ActiveCfg = Debug|Any CPU
		{E4428ACE-2B09-4639-8AE2-F3DFA0B18670}.Debug|Any CPU.Build.0 = Debug|Any CPU
		{E4428ACE-2B09-4639-8AE2-F3DFA0B18670}.Release|Any CPU.ActiveCfg = Release|Any CPU
		{E4428ACE-2B09-4639-8AE2-F3DFA0B18670}.Release|Any CPU.Build.0 = Release|Any CPU
	EndGlobalSection
	GlobalSection(SolutionProperties) = preSolution
		HideSolutionNode = FALSE
	EndGlobalSection
	GlobalSection(ExtensibilityGlobals) = postSolution
		SolutionGuid = {061D2D9D-B62F-4D5F-9026-C97BE540A80F}
	EndGlobalSection
EndGlobal
