
Microsoft Visual Studio Solution File, Format Version 12.00
# Visual Studio Version 16
VisualStudioVersion = 16.0.28803.202
MinimumVisualStudioVersion = 10.0.40219.1
Project("{FAE04EC0-301F-11D3-BF4B-00C04F79EFBC}") = "sec_lab_05", "sec_lab_05.csproj", "{5D044F11-0FFE-43B0-BC5A-8BF396AE7A7B}"
EndProject
Global
	GlobalSection(SolutionConfigurationPlatforms) = preSolution
		Debug|Any CPU = Debug|Any CPU
		Release|Any CPU = Release|Any CPU
	EndGlobalSection
	GlobalSection(ProjectConfigurationPlatforms) = postSolution
		{5D044F11-0FFE-43B0-BC5A-8BF396AE7A7B}.Debug|Any CPU.ActiveCfg = Debug|Any CPU
		{5D044F11-0FFE-43B0-BC5A-8BF396AE7A7B}.Debug|Any CPU.Build.0 = Debug|Any CPU
		{5D044F11-0FFE-43B0-BC5A-8BF396AE7A7B}.Release|Any CPU.ActiveCfg = Release|Any CPU
		{5D044F11-0FFE-43B0-BC5A-8BF396AE7A7B}.Release|Any CPU.Build.0 = Release|Any CPU
	EndGlobalSection
	GlobalSection(SolutionProperties) = preSolution
		HideSolutionNode = FALSE
	EndGlobalSection
	GlobalSection(ExtensibilityGlobals) = postSolution
		SolutionGuid = {866FD921-5DB8-4224-94C5-DE7936F35090}
	EndGlobalSection
EndGlobal
