
Microsoft Visual Studio Solution File, Format Version 12.00
# Visual Studio Version 16
VisualStudioVersion = 16.0.28803.202
MinimumVisualStudioVersion = 10.0.40219.1
Project("{FAE04EC0-301F-11D3-BF4B-00C04F79EFBC}") = "sec_lab_07", "sec_lab_07.csproj", "{0F460E76-0348-4D21-9A87-BC29510D4F04}"
EndProject
Global
	GlobalSection(SolutionConfigurationPlatforms) = preSolution
		Debug|Any CPU = Debug|Any CPU
		Release|Any CPU = Release|Any CPU
	EndGlobalSection
	GlobalSection(ProjectConfigurationPlatforms) = postSolution
		{0F460E76-0348-4D21-9A87-BC29510D4F04}.Debug|Any CPU.ActiveCfg = Debug|Any CPU
		{0F460E76-0348-4D21-9A87-BC29510D4F04}.Debug|Any CPU.Build.0 = Debug|Any CPU
		{0F460E76-0348-4D21-9A87-BC29510D4F04}.Release|Any CPU.ActiveCfg = Release|Any CPU
		{0F460E76-0348-4D21-9A87-BC29510D4F04}.Release|Any CPU.Build.0 = Release|Any CPU
	EndGlobalSection
	GlobalSection(SolutionProperties) = preSolution
		HideSolutionNode = FALSE
	EndGlobalSection
	GlobalSection(ExtensibilityGlobals) = postSolution
		SolutionGuid = {4F8D0C42-CF80-4511-8DA8-1959033A1BAB}
	EndGlobalSection
EndGlobal
