
Microsoft Visual Studio Solution File, Format Version 12.00
# Visual Studio Version 16
VisualStudioVersion = 16.0.28803.202
MinimumVisualStudioVersion = 10.0.40219.1
Project("{FAE04EC0-301F-11D3-BF4B-00C04F79EFBC}") = "sec_lab_06", "sec_lab_06.csproj", "{A3959BF9-9316-4D9E-9433-D7AA02B92DAC}"
EndProject
Global
	GlobalSection(SolutionConfigurationPlatforms) = preSolution
		Debug|Any CPU = Debug|Any CPU
		Release|Any CPU = Release|Any CPU
	EndGlobalSection
	GlobalSection(ProjectConfigurationPlatforms) = postSolution
		{A3959BF9-9316-4D9E-9433-D7AA02B92DAC}.Debug|Any CPU.ActiveCfg = Debug|Any CPU
		{A3959BF9-9316-4D9E-9433-D7AA02B92DAC}.Debug|Any CPU.Build.0 = Debug|Any CPU
		{A3959BF9-9316-4D9E-9433-D7AA02B92DAC}.Release|Any CPU.ActiveCfg = Release|Any CPU
		{A3959BF9-9316-4D9E-9433-D7AA02B92DAC}.Release|Any CPU.Build.0 = Release|Any CPU
	EndGlobalSection
	GlobalSection(SolutionProperties) = preSolution
		HideSolutionNode = FALSE
	EndGlobalSection
	GlobalSection(ExtensibilityGlobals) = postSolution
		SolutionGuid = {2A24305A-7901-4985-991D-3D4317FAD1CC}
	EndGlobalSection
EndGlobal
